version = 1
revision = 1
requires-python = ">=3.13"

[[package]]
name = "anchorpy"
version = "0.21.0"
source = { registry = "https://pypi.org/simple" }
dependencies = [
    { name = "anchorpy-core" },
    { name = "based58" },
    { name = "borsh-construct" },
    { name = "construct-typing" },
    { name = "pyheck" },
    { name = "solana" },
    { name = "solders" },
    { name = "toml" },
    { name = "toolz" },
]
sdist = { url = "https://files.pythonhosted.org/packages/60/11/121af8c8261944e1b9e5bae6ed022350c5b992c7632e8f8aacd77881599a/anchorpy-0.21.0.tar.gz", hash = "sha256:3c5b364cbe3386a8912c314f62f3da71e268c9163d77548246226e2c6b6a36cc", size = 646563 }
wheels = [
    { url = "https://files.pythonhosted.org/packages/21/df/9978a6637ba31c216721cc8f7d18595eb9ef5e485c06a7d82a05def419a9/anchorpy-0.21.0-py3-none-any.whl", hash = "sha256:5740a1420052ba5bbfe8cc281b3e621b38c0f845931d1f2ca00bd11e496fd44b", size = 63310 },
]

[[package]]
name = "anchorpy-core"
version = "0.2.0"
source = { registry = "https://pypi.org/simple" }
dependencies = [
    { name = "jsonalias" },
]
sdist = { url = "https://files.pythonhosted.org/packages/21/46/17500a3079f587355b33af5af1ee9e8df91c84720a9919a7259ebe2f4d4f/anchorpy_core-0.2.0.tar.gz", hash = "sha256:e06f0b9867d5d773a574b5027d19558a24d738b5c0d73df5ab5a97119c466ce2", size = 27784 }
wheels = [
    { url = "https://files.pythonhosted.org/packages/5c/7d/585844efd6ae37d9c5329239a3a8b090e1a732588f9eeb70a91e0e0377b3/anchorpy_core-0.2.0-cp37-abi3-macosx_10_9_x86_64.macosx_11_0_arm64.macosx_10_9_universal2.whl", hash = "sha256:f04928c0916e8a5cba5986a85db682df19e204bb424bdea49b8a46fc45f2fc66", size = 1544885 },
    { url = "https://files.pythonhosted.org/packages/ce/26/2c44a7e0b0f73950c0efff2203d1758004610d3f8ea80f56a8871ed46204/anchorpy_core-0.2.0-cp37-abi3-manylinux_2_17_aarch64.manylinux2014_aarch64.whl", hash = "sha256:0e37373336fa735f7f3f5eab8f3b090c8a39ef48f3f4f367ad703c7643260560", size = 1849361 },
    { url = "https://files.pythonhosted.org/packages/a7/9b/04b54ccbada11ddc653020059088b933ab0ebc39c4a29418f98df87a152f/anchorpy_core-0.2.0-cp37-abi3-manylinux_2_17_armv7l.manylinux2014_armv7l.whl", hash = "sha256:60b5a2b779acbba6b60957fb76a568d6b29c24147c2fff6a127d25842fcbe5a5", size = 1665700 },
    { url = "https://files.pythonhosted.org/packages/03/79/4cdfa0b4b9d87c372b49644dead37fcabd674531508ee7a90820a6cfbe73/anchorpy_core-0.2.0-cp37-abi3-manylinux_2_17_ppc64.manylinux2014_ppc64.whl", hash = "sha256:67293b0a1e29df0b50fcac616a5122e3639842f115666f58267470666a847b59", size = 2014217 },
    { url = "https://files.pythonhosted.org/packages/60/7a/642c24da4e8e229d98a2c3938ba296994e04ef5c1d5b742d26a663e47161/anchorpy_core-0.2.0-cp37-abi3-manylinux_2_17_s390x.manylinux2014_s390x.whl", hash = "sha256:abb91b8781cae23113ca03b567973e00c1caf6b341707dbe0fe2ca832af66e5b", size = 2138067 },
    { url = "https://files.pythonhosted.org/packages/77/c5/26c74f8d3eff4711f9035d1a31e7030f1e76912981d1deeaabed749b8f28/anchorpy_core-0.2.0-cp37-abi3-manylinux_2_17_x86_64.manylinux2014_x86_64.whl", hash = "sha256:a9fb52db4e37736bf461737b4fc088f3c31ee9d1926d7f52f8432e6f25b38c9b", size = 1858826 },
    { url = "https://files.pythonhosted.org/packages/0a/62/828918bc32542294639fe82f0f005af953635af235e1192a25139a66b452/anchorpy_core-0.2.0-cp37-abi3-manylinux_2_5_i686.manylinux1_i686.whl", hash = "sha256:c5d70c9992b678a92640981013c1953a6f7d7de383bc837a511bb96534539db8", size = 1917205 },
    { url = "https://files.pythonhosted.org/packages/69/68/89adc5886abc87fa719cc76e5bc08c2fb4f48346b63fbb009aa3d18f55a0/anchorpy_core-0.2.0-cp37-abi3-musllinux_1_2_i686.whl", hash = "sha256:41588e343bad3945bf5bbdeeff1c92c6cf8b517590739e100d96fc9505c3bc6f", size = 2159888 },
    { url = "https://files.pythonhosted.org/packages/02/ef/3666c84e46ee2d63bfcc67036bac55440b34c91ae2f12655b6308698b028/anchorpy_core-0.2.0-cp37-abi3-musllinux_1_2_x86_64.whl", hash = "sha256:af25089ba1fe2a3494536b77d8b93e191cce50ced5afa2fdf7cc83a0d0839750", size = 2138551 },
    { url = "https://files.pythonhosted.org/packages/8f/a3/c74871de3844c3cc7acd57a889537b9b83489bd6a2330587f7d861c89c75/anchorpy_core-0.2.0-cp37-abi3-win_amd64.whl", hash = "sha256:9e0d34e2b168855847d0b0c2e33d3c63767a89bb7b78bcb377365b4e6db6aaba", size = 677626 },
]

[[package]]
name = "anyio"
version = "4.9.0"
source = { registry = "https://pypi.org/simple" }
dependencies = [
    { name = "idna" },
    { name = "sniffio" },
]
sdist = { url = "https://files.pythonhosted.org/packages/95/7d/4c1bd541d4dffa1b52bd83fb8527089e097a106fc90b467a7313b105f840/anyio-4.9.0.tar.gz", hash = "sha256:673c0c244e15788651a4ff38710fea9675823028a6f08a5eda409e0c9840a028", size = 190949 }
wheels = [
    { url = "https://files.pythonhosted.org/packages/a1/ee/48ca1a7c89ffec8b6a0c5d02b89c305671d5ffd8d3c94acf8b8c408575bb/anyio-4.9.0-py3-none-any.whl", hash = "sha256:9f76d541cad6e36af7beb62e978876f3b41e3e04f2c1fbf0884604c0a9c4d93c", size = 100916 },
]

[[package]]
name = "attrs"
version = "25.3.0"
source = { registry = "https://pypi.org/simple" }
sdist = { url = "https://files.pythonhosted.org/packages/5a/b0/1367933a8532ee6ff8d63537de4f1177af4bff9f3e829baf7331f595bb24/attrs-25.3.0.tar.gz", hash = "sha256:75d7cefc7fb576747b2c81b4442d4d4a1ce0900973527c011d1030fd3bf4af1b", size = 812032 }
wheels = [
    { url = "https://files.pythonhosted.org/packages/77/06/bb80f5f86020c4551da315d78b3ab75e8228f89f0162f2c3a819e407941a/attrs-25.3.0-py3-none-any.whl", hash = "sha256:427318ce031701fea540783410126f03899a97ffc6f61596ad581ac2e40e3bc3", size = 63815 },
]

[[package]]
name = "based58"
version = "0.1.1"
source = { registry = "https://pypi.org/simple" }
sdist = { url = "https://files.pythonhosted.org/packages/00/a9/dbf5ff314d7b7d3b3246e01f2f6cbb880b62c7a958a8520237b982db191a/based58-0.1.1.tar.gz", hash = "sha256:80804b346b34196c89dc7a3dc89b6021f910f4cd75aac41d433ca1880b1672dc", size = 3615 }
wheels = [
    { url = "https://files.pythonhosted.org/packages/90/1d/10b5d61e11f96cc2f038b06776a9761465b1d020bf0e95e60da23a3a3ba8/based58-0.1.1-cp37-abi3-macosx_10_7_x86_64.whl", hash = "sha256:745851792ce5fada615f05ec61d7f360d19c76950d1e86163b2293c63a5d43bc", size = 251767 },
    { url = "https://files.pythonhosted.org/packages/7a/a2/e1436e5ae5a9e117d248017bef101ee99c47549af6ad15bc58b018174202/based58-0.1.1-cp37-abi3-macosx_10_9_x86_64.macosx_11_0_arm64.macosx_10_9_universal2.whl", hash = "sha256:f8448a71678bd1edc0a464033695686461ab9d6d0bc3282cb29b94f883583572", size = 492659 },
    { url = "https://files.pythonhosted.org/packages/d7/bc/d6bd738adf98bf4102dfeb33aa7ac58ede12ea924fea89a9751a8ec9c15b/based58-0.1.1-cp37-abi3-manylinux_2_17_aarch64.manylinux2014_aarch64.whl", hash = "sha256:852c37206374a62c5d3ef7f6777746e2ad9106beec4551539e9538633385e613", size = 1016479 },
    { url = "https://files.pythonhosted.org/packages/01/70/ed49e0a541fae6de7ef0858b08fc95ab7223c3f39aa5e30e03bba498f355/based58-0.1.1-cp37-abi3-manylinux_2_17_armv7l.manylinux2014_armv7l.whl", hash = "sha256:3fb17f0aaaad0381c8b676623c870c1a56aca039e2a7c8416e65904d80a415f7", size = 1019631 },
    { url = "https://files.pythonhosted.org/packages/1f/7e/748debfbe5146394893f6f60a77b5fe343a093850340d312e4ddac03190f/based58-0.1.1-cp37-abi3-manylinux_2_17_ppc64.manylinux2014_ppc64.whl", hash = "sha256:06f3c40b358b0c6fc6fc614c43bb11ef851b6d04e519ac1eda2833420cb43799", size = 1140341 },
    { url = "https://files.pythonhosted.org/packages/43/ad/ec48ad774b33ff521cec8355e7fb782f3f11761cc4a7342c054faf5fd747/based58-0.1.1-cp37-abi3-manylinux_2_17_ppc64le.manylinux2014_ppc64le.whl", hash = "sha256:2a9db744be79c8087eebedbffced00c608b3ed780668ab3c59f1d16e72c84947", size = 1128929 },
    { url = "https://files.pythonhosted.org/packages/cb/bc/9bdba9ef4b2185d12c9ba4028168081ce2359d399087f51415db11073a44/based58-0.1.1-cp37-abi3-manylinux_2_17_s390x.manylinux2014_s390x.whl", hash = "sha256:0506435e98836cc16e095e0d6dc428810e0acfb44bc2f3ac3e23e051a69c0e3e", size = 1182359 },
    { url = "https://files.pythonhosted.org/packages/a6/85/73ef6c410a5525b0a95c84a7e5e0902ce1d690a5f86ef36b0224d333e7b6/based58-0.1.1-cp37-abi3-manylinux_2_5_i686.manylinux1_i686.whl", hash = "sha256:8937e97fa8690164fd11a7c642f6d02df58facd2669ae7355e379ab77c48c924", size = 1045452 },
    { url = "https://files.pythonhosted.org/packages/6a/30/216be65c673259d6227c34690ce35e81858177bc6ad3cffab6699c93e115/based58-0.1.1-cp37-abi3-manylinux_2_5_x86_64.manylinux1_x86_64.whl", hash = "sha256:14b01d91ac250300ca7f634e5bf70fb2b1b9aaa90cc14357943c7da525a35aff", size = 1020913 },
    { url = "https://files.pythonhosted.org/packages/1b/79/2b77d260e67b7135b050279a9b74fe4d45c4edf63a08cdff2d334fd7f4b6/based58-0.1.1-cp37-abi3-musllinux_1_2_aarch64.whl", hash = "sha256:6c03c7f0023981c7d52fc7aad23ed1f3342819358b9b11898d693c9ef4577305", size = 1221614 },
    { url = "https://files.pythonhosted.org/packages/f7/e8/774840132f2c7ded2f377fb22c1c6ddaa2041c4ea4d42d1547bc6758af89/based58-0.1.1-cp37-abi3-musllinux_1_2_armv7l.whl", hash = "sha256:621269732454875510230b85053f462dffe7d7babecc8c553fdb488fd15810ff", size = 1384904 },
    { url = "https://files.pythonhosted.org/packages/58/c1/603af0cf18e7c72f31089cced681b599caa2a011d0ca16cfe2a676e33ceb/based58-0.1.1-cp37-abi3-musllinux_1_2_i686.whl", hash = "sha256:aba18f6c869fade1d1551fe398a376440771d6ce288c54cba71b7090cf08af02", size = 1226434 },
    { url = "https://files.pythonhosted.org/packages/18/79/ed5278c4ef0dd8ab7695417c132329064ae6f8963f12521cb0b1b6c8e71f/based58-0.1.1-cp37-abi3-musllinux_1_2_x86_64.whl", hash = "sha256:ae7f17b67bf0c209da859a6b833504aa3b19dbf423cbd2369aa17e89299dc972", size = 1203980 },
    { url = "https://files.pythonhosted.org/packages/9e/7c/5c7c9e6d1ddd083a4cf25c4182fbaacfa7371ac9e82479c98aa29830bb8b/based58-0.1.1-cp37-abi3-win32.whl", hash = "sha256:d8dece575de525c1ad889d9ab239defb7a6ceffc48f044fe6e14a408fb05bef4", size = 135478 },
    { url = "https://files.pythonhosted.org/packages/7b/13/35a9ee917ef05d734b0aa75400cfff44325594894d8d928d36b4dc0030d1/based58-0.1.1-cp37-abi3-win_amd64.whl", hash = "sha256:ab85804a401a7b5a7141fbb14ef5b5f7d85288357d1d3f0085d47e616cef8f5a", size = 141512 },
]

[[package]]
name = "borsh-construct"
version = "0.1.0"
source = { registry = "https://pypi.org/simple" }
dependencies = [
    { name = "construct-typing" },
    { name = "sumtypes" },
]
sdist = { url = "https://files.pythonhosted.org/packages/8e/0c/8062d8d795e7b9518923bfba453f883e2cbf80c5b05de699e4424a523a71/borsh-construct-0.1.0.tar.gz", hash = "sha256:c916758ceba70085d8f456a1cc26991b88cb64233d347767766473b651b37263", size = 5808 }
wheels = [
    { url = "https://files.pythonhosted.org/packages/21/1d/52c0741626a17eb1a2f554e27dc2883f9bb98bb7b2392f9cbd1f39c36fea/borsh_construct-0.1.0-py3-none-any.whl", hash = "sha256:f584c791e2a03f8fc36e6c13011a27bcaf028c9c54ba89cd70f485a7d1c687ed", size = 6386 },
]

[[package]]
name = "certifi"
version = "2025.4.26"
source = { registry = "https://pypi.org/simple" }
sdist = { url = "https://files.pythonhosted.org/packages/e8/9e/c05b3920a3b7d20d3d3310465f50348e5b3694f4f88c6daf736eef3024c4/certifi-2025.4.26.tar.gz", hash = "sha256:0a816057ea3cdefcef70270d2c515e4506bbc954f417fa5ade2021213bb8f0c6", size = 160705 }
wheels = [
    { url = "https://files.pythonhosted.org/packages/4a/7e/3db2bd1b1f9e95f7cddca6d6e75e2f2bd9f51b1246e546d88addca0106bd/certifi-2025.4.26-py3-none-any.whl", hash = "sha256:30350364dfe371162649852c63336a15c70c6510c2ad5015b21c2345311805f3", size = 159618 },
]

[[package]]
name = "construct"
version = "2.10.68"
source = { registry = "https://pypi.org/simple" }
sdist = { url = "https://files.pythonhosted.org/packages/e0/b7/a4a032e94bcfdff481f2e6fecd472794d9da09f474a2185ed33b2c7cad64/construct-2.10.68.tar.gz", hash = "sha256:7b2a3fd8e5f597a5aa1d614c3bd516fa065db01704c72a1efaaeec6ef23d8b45", size = 57856 }

[[package]]
name = "construct-typing"
version = "0.5.6"
source = { registry = "https://pypi.org/simple" }
dependencies = [
    { name = "construct" },
]
sdist = { url = "https://files.pythonhosted.org/packages/42/5f/89f8e4fc17ea96ef9af66aa4818e00c4fb84c289c4c6879df411d11f15a4/construct-typing-0.5.6.tar.gz", hash = "sha256:0dc501351cd6b308f15ec54e5fe7c0fbc07cc1530a1b77b4303062a0a93c1297", size = 22716 }
wheels = [
    { url = "https://files.pythonhosted.org/packages/3e/c5/d68c7b7e5e2875d199b49f86f9fda2b18a58ff0a835f608cb664bbc3a53e/construct_typing-0.5.6-py3-none-any.whl", hash = "sha256:39c948329e880564e33521cba497b21b07967c465b9c9037d6334e2cffa1ced9", size = 24098 },
]

[[package]]
name = "h11"
version = "0.16.0"
source = { registry = "https://pypi.org/simple" }
sdist = { url = "https://files.pythonhosted.org/packages/01/ee/02a2c011bdab74c6fb3c75474d40b3052059d95df7e73351460c8588d963/h11-0.16.0.tar.gz", hash = "sha256:4e35b956cf45792e4caa5885e69fba00bdbc6ffafbfa020300e549b208ee5ff1", size = 101250 }
wheels = [
    { url = "https://files.pythonhosted.org/packages/04/4b/29cac41a4d98d144bf5f6d33995617b185d14b22401f75ca86f384e87ff1/h11-0.16.0-py3-none-any.whl", hash = "sha256:63cf8bbe7522de3bf65932fda1d9c2772064ffb3dae62d55932da54b31cb6c86", size = 37515 },
]

[[package]]
name = "httpcore"
version = "1.0.9"
source = { registry = "https://pypi.org/simple" }
dependencies = [
    { name = "certifi" },
    { name = "h11" },
]
sdist = { url = "https://files.pythonhosted.org/packages/06/94/82699a10bca87a5556c9c59b5963f2d039dbd239f25bc2a63907a05a14cb/httpcore-1.0.9.tar.gz", hash = "sha256:6e34463af53fd2ab5d807f399a9b45ea31c3dfa2276f15a2c3f00afff6e176e8", size = 85484 }
wheels = [
    { url = "https://files.pythonhosted.org/packages/7e/f5/f66802a942d491edb555dd61e3a9961140fd64c90bce1eafd741609d334d/httpcore-1.0.9-py3-none-any.whl", hash = "sha256:2d400746a40668fc9dec9810239072b40b4484b640a8c38fd654a024c7a1bf55", size = 78784 },
]

[[package]]
name = "httpx"
version = "0.28.1"
source = { registry = "https://pypi.org/simple" }
dependencies = [
    { name = "anyio" },
    { name = "certifi" },
    { name = "httpcore" },
    { name = "idna" },
]
sdist = { url = "https://files.pythonhosted.org/packages/b1/df/48c586a5fe32a0f01324ee087459e112ebb7224f646c0b5023f5e79e9956/httpx-0.28.1.tar.gz", hash = "sha256:75e98c5f16b0f35b567856f597f06ff2270a374470a5c2392242528e3e3e42fc", size = 141406 }
wheels = [
    { url = "https://files.pythonhosted.org/packages/2a/39/e50c7c3a983047577ee07d2a9e53faf5a69493943ec3f6a384bdc792deb2/httpx-0.28.1-py3-none-any.whl", hash = "sha256:d909fcccc110f8c7faf814ca82a9a4d816bc5a6dbfea25d6591d6985b8ba59ad", size = 73517 },
]

[[package]]
name = "idna"
version = "3.10"
source = { registry = "https://pypi.org/simple" }
sdist = { url = "https://files.pythonhosted.org/packages/f1/70/7703c29685631f5a7590aa73f1f1d3fa9a380e654b86af429e0934a32f7d/idna-3.10.tar.gz", hash = "sha256:12f65c9b470abda6dc35cf8e63cc574b1c52b11df2c86030af0ac09b01b13ea9", size = 190490 }
wheels = [
    { url = "https://files.pythonhosted.org/packages/76/c6/c88e154df9c4e1a2a66ccf0005a88dfb2650c1dffb6f5ce603dfbd452ce3/idna-3.10-py3-none-any.whl", hash = "sha256:946d195a0d259cbba61165e88e65941f16e9b36ea6ddb97f00452bae8b1287d3", size = 70442 },
]

[[package]]
name = "jsonalias"
version = "0.1.1"
source = { registry = "https://pypi.org/simple" }
sdist = { url = "https://files.pythonhosted.org/packages/ec/45/ee7e17002cb7f3264f755ff6a1a72c55d1830e07808d643167d2a2277c4f/jsonalias-0.1.1.tar.gz", hash = "sha256:64f04d935397d579fc94509e1fcb6212f2d081235d9d6395bd10baedf760a769", size = 1095 }
wheels = [
    { url = "https://files.pythonhosted.org/packages/41/ed/05aebce69f78c104feff2ffcdd5a6f9d668a208aba3a8bf56e3750809fd8/jsonalias-0.1.1-py3-none-any.whl", hash = "sha256:a56d2888e6397812c606156504e861e8ec00e188005af149f003c787db3d3f18", size = 1312 },
]

[[package]]
name = "pyheck"
version = "0.1.5"
source = { registry = "https://pypi.org/simple" }
sdist = { url = "https://files.pythonhosted.org/packages/42/15/888a078f79c832900928fc33eb52218b907c1432b4433c2474b9199b8d02/pyheck-0.1.5.tar.gz", hash = "sha256:5c9fe372d540c5dbcb76bf062f951d998d0e14c906c842a52f1cd5de208e183a", size = 3391 }
wheels = [
    { url = "https://files.pythonhosted.org/packages/d4/3b/733a16d3ffbf8b0786bf3462ada25eea6eb55ec7b512706623f3bb3f202e/pyheck-0.1.5-cp37-abi3-macosx_10_7_x86_64.whl", hash = "sha256:44caf2b7a49d71fdeb0469e9f35886987ad815a8638b3c5b5c83f351d6aed413", size = 295742 },
    { url = "https://files.pythonhosted.org/packages/56/eb/6f35c9a10f6da3b64de58398464b52db9b3205756a66099bc05c673c8ea9/pyheck-0.1.5-cp37-abi3-macosx_10_9_x86_64.macosx_11_0_arm64.macosx_10_9_universal2.whl", hash = "sha256:316a842b94beff6e59a97dbcc590e9be92a932e59126b0faa9ac750384f27eaf", size = 583456 },
    { url = "https://files.pythonhosted.org/packages/69/2b/80f335f32851c89a2b5a770928b44195a7cf1f0192ad71d48f7af4430c13/pyheck-0.1.5-cp37-abi3-manylinux_2_17_aarch64.manylinux2014_aarch64.whl", hash = "sha256:5b6169397395ff041f056bfb36c1957a788a1cd7cb967a927fcae7917ff1b6aa", size = 1058932 },
    { url = "https://files.pythonhosted.org/packages/3a/c0/9e4c997d2a6b0b96336d53570a40f45c172fc8541b9fdc047031fbfe9ea4/pyheck-0.1.5-cp37-abi3-manylinux_2_17_armv7l.manylinux2014_armv7l.whl", hash = "sha256:e9d101e1c599227280e34eeccab0414246e70a91a1cabb4c4868dca284f2be7d", size = 1072944 },
    { url = "https://files.pythonhosted.org/packages/d3/4c/f3b15b999531fa0f37553171c60ae2065a0e933e9a526080994747dccc81/pyheck-0.1.5-cp37-abi3-manylinux_2_17_ppc64.manylinux2014_ppc64.whl", hash = "sha256:69d6509138909df92b2f2f837518dca118ef08ae3c804044ae511b81b7aecb4d", size = 1201526 },
    { url = "https://files.pythonhosted.org/packages/3f/63/6844333e7734cc4068b5c28b644e5f6c2d0f4d4d886bd6a7fc598d2f4580/pyheck-0.1.5-cp37-abi3-manylinux_2_17_ppc64le.manylinux2014_ppc64le.whl", hash = "sha256:8ce4a2e1b4778051b8f31183e321a034603f3957b6e95cf03bf5f231c8ea3066", size = 1178330 },
    { url = "https://files.pythonhosted.org/packages/33/e8/1d0df9db32bf80b1e6b42117e0ca15cd8daed0bc6186cae53af633b9083b/pyheck-0.1.5-cp37-abi3-manylinux_2_17_s390x.manylinux2014_s390x.whl", hash = "sha256:69387b70d910637ab6dc8dc378c8e0b4037cee2c51a9c6f64ce5331b010f5de3", size = 1318718 },
    { url = "https://files.pythonhosted.org/packages/1c/36/3f94728c4df3166c098be17153763ab11afef163d0129fe1c1553eaaab43/pyheck-0.1.5-cp37-abi3-manylinux_2_5_i686.manylinux1_i686.whl", hash = "sha256:0fb50b7d899d2a583ec2ac291b8ec2afb10f0e32c4ac290148d3da15927787f8", size = 1093745 },
    { url = "https://files.pythonhosted.org/packages/2b/eb/b424ce465428ead400360cf5f62842b4749d0bc5da0b9a41f7731684da01/pyheck-0.1.5-cp37-abi3-manylinux_2_5_x86_64.manylinux1_x86_64.whl", hash = "sha256:aa8dfd0883212f8495e0bae6eb6ea670c56f9b197b5fe6fb5cae9fd5ec56fb7c", size = 1057755 },
    { url = "https://files.pythonhosted.org/packages/41/20/1385c7a6c80cbb76bf4c0360fc4089ac6bace41e71f68f77b323c6a29ea1/pyheck-0.1.5-cp37-abi3-musllinux_1_2_aarch64.whl", hash = "sha256:b7c07506b9591e27f8241bf7a72bc4d5c4ac30dedb332efb87e402e49029f233", size = 1304367 },
    { url = "https://files.pythonhosted.org/packages/6c/15/a0719ae87853e7cf1dba412dc240c32e5dbcf6b3450e01f6d4e52c2ee06e/pyheck-0.1.5-cp37-abi3-musllinux_1_2_armv7l.whl", hash = "sha256:9ee256cafbdab6c5fcca22d0910176d820bf1e1298773e64f4eea79f51218cc7", size = 1462824 },
    { url = "https://files.pythonhosted.org/packages/ac/a6/70892131b9b82a241758698d8a2ab99fcf79118c838867f777c228858b60/pyheck-0.1.5-cp37-abi3-musllinux_1_2_i686.whl", hash = "sha256:e9ba36060abc55127c3813de398b4013c05be6118cfae3cfa3d978f7b4c84dea", size = 1273243 },
    { url = "https://files.pythonhosted.org/packages/46/79/461a4636c6cfdbf0c90f3d8532db728e3ae117d63765a431aa3f1ebfe66b/pyheck-0.1.5-cp37-abi3-musllinux_1_2_x86_64.whl", hash = "sha256:64201a6d213bec443aeb33f66c60cea61aaf6257e48a19159ac69a5afad4768e", size = 1240962 },
    { url = "https://files.pythonhosted.org/packages/1f/2b/1df278fe24e40e5bf13277cd114b47c4e1e498c7850c5ed38f807f945de2/pyheck-0.1.5-cp37-abi3-win32.whl", hash = "sha256:1501fcfd15f7c05c6bfe38915f5e514ac95fc63e945f7d8b089d30c1b8fdb2c5", size = 180706 },
    { url = "https://files.pythonhosted.org/packages/aa/21/07e09ee32556379a2d1c17f680a49f52ee89283d51637743ecffcb232d3b/pyheck-0.1.5-cp37-abi3-win_amd64.whl", hash = "sha256:e519f80a0ef87a8f880bfdf239e396e238dcaed34bec1ea7ef526c4873220e82", size = 193764 },
]

[[package]]
name = "sniffio"
version = "1.3.1"
source = { registry = "https://pypi.org/simple" }
sdist = { url = "https://files.pythonhosted.org/packages/a2/87/a6771e1546d97e7e041b6ae58d80074f81b7d5121207425c964ddf5cfdbd/sniffio-1.3.1.tar.gz", hash = "sha256:f4324edc670a0f49750a81b895f35c3adb843cca46f0530f79fc1babb23789dc", size = 20372 }
wheels = [
    { url = "https://files.pythonhosted.org/packages/e9/44/75a9c9421471a6c4805dbf2356f7c181a29c1879239abab1ea2cc8f38b40/sniffio-1.3.1-py3-none-any.whl", hash = "sha256:2f6da418d1f1e0fddd844478f41680e794e6051915791a034ff65e5f100525a2", size = 10235 },
]

[[package]]
name = "solana"
version = "0.36.6"
source = { registry = "https://pypi.org/simple" }
dependencies = [
    { name = "construct-typing" },
    { name = "httpx" },
    { name = "solders" },
    { name = "typing-extensions" },
    { name = "websockets" },
]
sdist = { url = "https://files.pythonhosted.org/packages/03/7d/ff1006867566c802c8d99b528893bb04b1ec4f9e18191db32e143773e68d/solana-0.36.6.tar.gz", hash = "sha256:aa2403bc36bb06ea5bf56f6856373a50ae8b1c3a45261d5a4c911350f7427c00", size = 52132 }
wheels = [
    { url = "https://files.pythonhosted.org/packages/4d/7a/56650a6771626cd9509b19fb5e26ecd5a4c7057679f803a437f73ea62507/solana-0.36.6-py3-none-any.whl", hash = "sha256:c0526b602d834cb762102f854be469be6657731db0d016a985bbabd6212dd09d", size = 62272 },
]

[[package]]
name = "solana-event-log-parse"
version = "0.1.0"
source = { virtual = "." }
dependencies = [
    { name = "anchorpy" },
    { name = "solders" },
]

[package.metadata]
requires-dist = [
    { name = "anchorpy", specifier = ">=0.21.0" },
    { name = "solders", specifier = ">=0.26.0" },
]

[[package]]
name = "solders"
version = "0.26.0"
source = { registry = "https://pypi.org/simple" }
dependencies = [
    { name = "jsonalias" },
    { name = "typing-extensions" },
]
sdist = { url = "https://files.pythonhosted.org/packages/87/96/23ad2e43e2676b78834064fe051e3db3ce1899336ecd4797f92fcd06113a/solders-0.26.0.tar.gz", hash = "sha256:057533892d6fa432c1ce1e2f5e3428802964666c10b57d3d1bcaab86295f046c", size = 181123 }
wheels = [
    { url = "https://files.pythonhosted.org/packages/a5/ce/58bbb4d2c696e770cdd37e5f6dc2891ef7610c0c085bf400f9c42dcff1ad/solders-0.26.0-cp37-abi3-macosx_10_12_x86_64.macosx_11_0_arm64.macosx_10_12_universal2.whl", hash = "sha256:9c1a0ef5daa1a05934af5fb6e7e32eab7c42cede406c80067fee006f461ffc4a", size = 24344472 },
    { url = "https://files.pythonhosted.org/packages/5a/35/221cec0e5900c2202833e7e9110c3405a2d96ed25e110b247f88b8782e29/solders-0.26.0-cp37-abi3-manylinux_2_17_armv7l.manylinux2014_armv7l.whl", hash = "sha256:1b964efbd7c0b38aef3bf4293ea5938517ae649b9a23e7cd147d889931775aab", size = 6674734 },
    { url = "https://files.pythonhosted.org/packages/41/33/d17b7dbc92672351d59fc65cdb93b8924fc682deba09f6d96f25440187ae/solders-0.26.0-cp37-abi3-manylinux_2_17_x86_64.manylinux2014_x86_64.whl", hash = "sha256:36e6a769c5298b887b7588edb171d93709a89302aef75913fe893d11c653739d", size = 13472961 },
    { url = "https://files.pythonhosted.org/packages/bb/e7/533367d815ab000587ccc37d89e154132f63347f02dcaaac5df72bd851de/solders-0.26.0-cp37-abi3-manylinux_2_28_aarch64.whl", hash = "sha256:b3cc55b971ec6ed1b4466fa7e7e09eee9baba492b8cd9e3204e3e1a0c5a0c4aa", size = 6886198 },
    { url = "https://files.pythonhosted.org/packages/52/e0/ab41ab3df5fdf3b0e55613be93a43c2fe58b15a6ea8ceca26d3fba02e3c6/solders-0.26.0-cp37-abi3-manylinux_2_5_i686.manylinux1_i686.whl", hash = "sha256:3e3973074c17265921c70246a17bcf80972c5b96a3e1ed7f5049101f11865092", size = 7319170 },
    { url = "https://files.pythonhosted.org/packages/7d/34/5174ce592607e0ac020aff203217f2f113a55eec49af3db12945fea42d89/solders-0.26.0-cp37-abi3-musllinux_1_2_i686.whl", hash = "sha256:59b52419452602f697e659199a25acacda8365971c376ef3c0687aecdd929e07", size = 7134977 },
    { url = "https://files.pythonhosted.org/packages/ba/5e/822faabda0d473c29bdf59fe8869a411fd436af8ca6f5d6e89f7513f682f/solders-0.26.0-cp37-abi3-musllinux_1_2_x86_64.whl", hash = "sha256:5946ec3f2a340afa9ce5c2b8ab628ae1dea2ad2235551b1297cafdd7e3e5c51a", size = 6984222 },
    { url = "https://files.pythonhosted.org/packages/23/e8/dc992f677762ea2de44b7768120d95887ef39fab10d6f29fb53e6a9882c1/solders-0.26.0-cp37-abi3-win_amd64.whl", hash = "sha256:5466616610170aab08c627ae01724e425bcf90085bc574da682e9f3bd954900b", size = 5480492 },
]

[[package]]
name = "sumtypes"
version = "0.1a6"
source = { registry = "https://pypi.org/simple" }
dependencies = [
    { name = "attrs" },
]
sdist = { url = "https://files.pythonhosted.org/packages/3a/aa/1aa52ae948166291cf615687a733151d4567645beac7e51b7bae3fd88ad4/sumtypes-0.1a6.tar.gz", hash = "sha256:1a6ff095e06a1885f340ddab803e0f38e3f9bed81f9090164ca9682e04e96b43", size = 5272 }
wheels = [
    { url = "https://files.pythonhosted.org/packages/5a/29/4ef1ff91dad16f8396bab999a09011d4939951f47b9729b3f73cc1f74756/sumtypes-0.1a6-py2.py3-none-any.whl", hash = "sha256:3e9d71322dd927d25d935072f8be7daec655ea292fd392359a5bb2c1e53dfdc3", size = 5817 },
]

[[package]]
name = "toml"
version = "0.10.2"
source = { registry = "https://pypi.org/simple" }
sdist = { url = "https://files.pythonhosted.org/packages/be/ba/1f744cdc819428fc6b5084ec34d9b30660f6f9daaf70eead706e3203ec3c/toml-0.10.2.tar.gz", hash = "sha256:b3bda1d108d5dd99f4a20d24d9c348e91c4db7ab1b749200bded2f839ccbe68f", size = 22253 }
wheels = [
    { url = "https://files.pythonhosted.org/packages/44/6f/7120676b6d73228c96e17f1f794d8ab046fc910d781c8d151120c3f1569e/toml-0.10.2-py2.py3-none-any.whl", hash = "sha256:806143ae5bfb6a3c6e736a764057db0e6a0e05e338b5630894a5f779cabb4f9b", size = 16588 },
]

[[package]]
name = "toolz"
version = "0.11.2"
source = { registry = "https://pypi.org/simple" }
sdist = { url = "https://files.pythonhosted.org/packages/5a/f3/f8c3d075da8d949b12fb12ef934ee12fcce369ff83b60253fc2833f8901c/toolz-0.11.2.tar.gz", hash = "sha256:6b312d5e15138552f1bda8a4e66c30e236c831b612b2bf0005f8a1df10a4bc33", size = 65928 }
wheels = [
    { url = "https://files.pythonhosted.org/packages/b5/f1/3df506b493736e3ee11fc1a3c2de8014a55f025d830a71bb499acc049a2c/toolz-0.11.2-py3-none-any.whl", hash = "sha256:a5700ce83414c64514d82d60bcda8aabfde092d1c1a8663f9200c07fdcc6da8f", size = 55840 },
]

[[package]]
name = "typing-extensions"
version = "4.14.0"
source = { registry = "https://pypi.org/simple" }
sdist = { url = "https://files.pythonhosted.org/packages/d1/bc/51647cd02527e87d05cb083ccc402f93e441606ff1f01739a62c8ad09ba5/typing_extensions-4.14.0.tar.gz", hash = "sha256:8676b788e32f02ab42d9e7c61324048ae4c6d844a399eebace3d4979d75ceef4", size = 107423 }
wheels = [
    { url = "https://files.pythonhosted.org/packages/69/e0/552843e0d356fbb5256d21449fa957fa4eff3bbc135a74a691ee70c7c5da/typing_extensions-4.14.0-py3-none-any.whl", hash = "sha256:a1514509136dd0b477638fc68d6a91497af5076466ad0fa6c338e44e359944af", size = 43839 },
]

[[package]]
name = "websockets"
version = "15.0"
source = { registry = "https://pypi.org/simple" }
sdist = { url = "https://files.pythonhosted.org/packages/2e/7a/8bc4d15af7ff30f7ba34f9a172063bfcee9f5001d7cef04bee800a658f33/websockets-15.0.tar.gz", hash = "sha256:ca36151289a15b39d8d683fd8b7abbe26fc50be311066c5f8dcf3cb8cee107ab", size = 175574 }
wheels = [
    { url = "https://files.pythonhosted.org/packages/12/23/be28dc1023707ac51768f848d28a946443041a348ee3a54abdf9f6283372/websockets-15.0-cp313-cp313-macosx_10_13_universal2.whl", hash = "sha256:d2244d8ab24374bed366f9ff206e2619345f9cd7fe79aad5225f53faac28b6b1", size = 174714 },
    { url = "https://files.pythonhosted.org/packages/8f/ff/02b5e9fbb078e7666bf3d25c18c69b499747a12f3e7f2776063ef3fb7061/websockets-15.0-cp313-cp313-macosx_10_13_x86_64.whl", hash = "sha256:3a302241fbe825a3e4fe07666a2ab513edfdc6d43ce24b79691b45115273b5e7", size = 172374 },
    { url = "https://files.pythonhosted.org/packages/8e/61/901c8d4698e0477eff4c3c664d53f898b601fa83af4ce81946650ec2a4cb/websockets-15.0-cp313-cp313-macosx_11_0_arm64.whl", hash = "sha256:10552fed076757a70ba2c18edcbc601c7637b30cdfe8c24b65171e824c7d6081", size = 172605 },
    { url = "https://files.pythonhosted.org/packages/d2/4b/dc47601a80dff317aecf8da7b4ab278d11d3494b2c373b493e4887561f90/websockets-15.0-cp313-cp313-manylinux_2_17_aarch64.manylinux2014_aarch64.whl", hash = "sha256:c53f97032b87a406044a1c33d1e9290cc38b117a8062e8a8b285175d7e2f99c9", size = 182380 },
    { url = "https://files.pythonhosted.org/packages/83/f7/b155d2b38f05ed47a0b8de1c9ea245fcd7fc625d89f35a37eccba34b42de/websockets-15.0-cp313-cp313-manylinux_2_5_i686.manylinux1_i686.manylinux_2_17_i686.manylinux2014_i686.whl", hash = "sha256:1caf951110ca757b8ad9c4974f5cac7b8413004d2f29707e4d03a65d54cedf2b", size = 181325 },
    { url = "https://files.pythonhosted.org/packages/d3/ff/040a20c01c294695cac0e361caf86f33347acc38f164f6d2be1d3e007d9f/websockets-15.0-cp313-cp313-manylinux_2_5_x86_64.manylinux1_x86_64.manylinux_2_17_x86_64.manylinux2014_x86_64.whl", hash = "sha256:8bf1ab71f9f23b0a1d52ec1682a3907e0c208c12fef9c3e99d2b80166b17905f", size = 181763 },
    { url = "https://files.pythonhosted.org/packages/cb/6a/af23e93678fda8341ac8775e85123425e45c608389d3514863c702896ea5/websockets-15.0-cp313-cp313-musllinux_1_2_aarch64.whl", hash = "sha256:bfcd3acc1a81f106abac6afd42327d2cf1e77ec905ae11dc1d9142a006a496b6", size = 182097 },
    { url = "https://files.pythonhosted.org/packages/7e/3e/1069e159c30129dc03c01513b5830237e576f47cedb888777dd885cae583/websockets-15.0-cp313-cp313-musllinux_1_2_i686.whl", hash = "sha256:c8c5c8e1bac05ef3c23722e591ef4f688f528235e2480f157a9cfe0a19081375", size = 181485 },
    { url = "https://files.pythonhosted.org/packages/9a/a7/c91c47103f1cd941b576bbc452601e9e01f67d5c9be3e0a9abe726491ab5/websockets-15.0-cp313-cp313-musllinux_1_2_x86_64.whl", hash = "sha256:86bfb52a9cfbcc09aba2b71388b0a20ea5c52b6517c0b2e316222435a8cdab72", size = 181466 },
    { url = "https://files.pythonhosted.org/packages/16/32/a4ca6e3d56c24aac46b0cf5c03b841379f6409d07fc2044b244f90f54105/websockets-15.0-cp313-cp313-win32.whl", hash = "sha256:26ba70fed190708551c19a360f9d7eca8e8c0f615d19a574292b7229e0ae324c", size = 175673 },
    { url = "https://files.pythonhosted.org/packages/c0/31/25a417a23e985b61ffa5544f9facfe4a118cb64d664c886f1244a8baeca5/websockets-15.0-cp313-cp313-win_amd64.whl", hash = "sha256:ae721bcc8e69846af00b7a77a220614d9b2ec57d25017a6bbde3a99473e41ce8", size = 176115 },
    { url = "https://files.pythonhosted.org/packages/e8/b2/31eec524b53f01cd8343f10a8e429730c52c1849941d1f530f8253b6d934/websockets-15.0-py3-none-any.whl", hash = "sha256:51ffd53c53c4442415b613497a34ba0aa7b99ac07f1e4a62db5dcd640ae6c3c3", size = 169023 },
]
